
Microsoft Visual Studio Solution File, Format Version 12.00
# Visual Studio 2012
Project("{FAE04EC0-301F-11D3-BF4B-00C04F79EFBC}") = "SAFe", "SAFe\SAFe.csproj", "{C490639F-0601-45D5-9642-CB59EBAF42F9}"
EndProject
Project("{FAE04EC0-301F-11D3-BF4B-00C04F79EFBC}") = "CoreServices", "CoreServices\CoreServices.csproj", "{3D2F2FD8-63BA-4779-B070-1C1EC5422B48}"
EndProject
Project("{FAE04EC0-301F-11D3-BF4B-00C04F79EFBC}") = "RootPlatformServices", "RootPlatformServices\RootPlatformServices.csproj", "{1324ED3D-C964-4198-8BEF-A3B241FBEE51}"
EndProject
Project("{FAE04EC0-301F-11D3-BF4B-00C04F79EFBC}") = "DGAC", "DGAC\DGAC.csproj", "{ED81B047-6F9F-47A8-A0AA-50AB0602BBB7}"
EndProject
Global
	GlobalSection(SolutionConfigurationPlatforms) = preSolution
		Debug|Any CPU = Debug|Any CPU
		Release|Any CPU = Release|Any CPU
	EndGlobalSection
	GlobalSection(ProjectConfigurationPlatforms) = postSolution
		{C490639F-0601-45D5-9642-CB59EBAF42F9}.Debug|Any CPU.ActiveCfg = Debug|Any CPU
		{C490639F-0601-45D5-9642-CB59EBAF42F9}.Debug|Any CPU.Build.0 = Debug|Any CPU
		{C490639F-0601-45D5-9642-CB59EBAF42F9}.Release|Any CPU.ActiveCfg = Release|Any CPU
		{C490639F-0601-45D5-9642-CB59EBAF42F9}.Release|Any CPU.Build.0 = Release|Any CPU
		{3D2F2FD8-63BA-4779-B070-1C1EC5422B48}.Debug|Any CPU.ActiveCfg = Debug|Any CPU
		{3D2F2FD8-63BA-4779-B070-1C1EC5422B48}.Debug|Any CPU.Build.0 = Debug|Any CPU
		{3D2F2FD8-63BA-4779-B070-1C1EC5422B48}.Release|Any CPU.ActiveCfg = Release|Any CPU
		{3D2F2FD8-63BA-4779-B070-1C1EC5422B48}.Release|Any CPU.Build.0 = Release|Any CPU
		{1324ED3D-C964-4198-8BEF-A3B241FBEE51}.Debug|Any CPU.ActiveCfg = Debug|Any CPU
		{1324ED3D-C964-4198-8BEF-A3B241FBEE51}.Debug|Any CPU.Build.0 = Debug|Any CPU
		{1324ED3D-C964-4198-8BEF-A3B241FBEE51}.Release|Any CPU.ActiveCfg = Release|Any CPU
		{1324ED3D-C964-4198-8BEF-A3B241FBEE51}.Release|Any CPU.Build.0 = Release|Any CPU
		{ED81B047-6F9F-47A8-A0AA-50AB0602BBB7}.Debug|Any CPU.ActiveCfg = Debug|Any CPU
		{ED81B047-6F9F-47A8-A0AA-50AB0602BBB7}.Debug|Any CPU.Build.0 = Debug|Any CPU
		{ED81B047-6F9F-47A8-A0AA-50AB0602BBB7}.Release|Any CPU.ActiveCfg = Release|Any CPU
		{ED81B047-6F9F-47A8-A0AA-50AB0602BBB7}.Release|Any CPU.Build.0 = Release|Any CPU
	EndGlobalSection
EndGlobal
